{
  "name": "image-uploader",
  "version": "0.0.0",
  "lockfileVersion": 1,
  "requires": true,
  "dependencies": {
    "ngx-smart-modal": {
      "version": "7.1.0",
      "resolved": "https://registry.npmjs.org/ngx-smart-modal/-/ngx-smart-modal-7.1.0.tgz",
      "integrity": "sha512-rQKHN1ekAM9UoyrfIh04deZ6jjO8X3u3g5/uDNp/Dg0GRvpwcq411x/VimRuyojQlAEHorbKJ2YcEN+i/ymAyw=="
    }
  }
}
